// !$*UTF8*$!
{
	archiveVersion = 1;
	classes = {
	};
	objectVersion = 48;
	objects = {

/* Begin PBXBuildFile section */
		09108AD02017AB53001026FD /* AppDelegate.swift in Sources */ = {isa = PBXBuildFile; fileRef = 09108ACF2017AB53001026FD /* AppDelegate.swift */; };
		09108AD22017AB53001026FD /* Assets.xcassets in Resources */ = {isa = PBXBuildFile; fileRef = 09108AD12017AB53001026FD /* Assets.xcassets */; };
		09108AD52017AB53001026FD /* MainMenu.xib in Resources */ = {isa = PBXBuildFile; fileRef = 09108AD32017AB53001026FD /* MainMenu.xib */; };
		092C6289201F58A400B3E831 /* WindowLayoutController.swift in Sources */ = {isa = PBXBuildFile; fileRef = 092C6288201F58A400B3E831 /* WindowLayoutController.swift */; };
		092C628B201F9E7200B3E831 /* GlobalEventMonitor.swift in Sources */ = {isa = PBXBuildFile; fileRef = 092C628A201F9E7200B3E831 /* GlobalEventMonitor.swift */; };
		092E007D20205781006FECF3 /* set_window_size.scpt in Resources */ = {isa = PBXBuildFile; fileRef = 092E007B20205780006FECF3 /* set_window_size.scpt */; };
		092E007E20205781006FECF3 /* get_frontapp_position.scpt in Resources */ = {isa = PBXBuildFile; fileRef = 092E007C20205780006FECF3 /* get_frontapp_position.scpt */; };
		092E008220209057006FECF3 /* WindowAnalyser.swift in Sources */ = {isa = PBXBuildFile; fileRef = 092E008120209057006FECF3 /* WindowAnalyser.swift */; };
		092E008B2020C37D006FECF3 /* Preferences.swift in Sources */ = {isa = PBXBuildFile; fileRef = 092E00892020C37D006FECF3 /* Preferences.swift */; };
		092E008C2020C37D006FECF3 /* Preferences.xib in Resources */ = {isa = PBXBuildFile; fileRef = 092E008A2020C37D006FECF3 /* Preferences.xib */; };
		092E008F2020C465006FECF3 /* MarkingOverlay.swift in Sources */ = {isa = PBXBuildFile; fileRef = 092E008D2020C465006FECF3 /* MarkingOverlay.swift */; };
		092E00902020C465006FECF3 /* MarkingOverlay.xib in Resources */ = {isa = PBXBuildFile; fileRef = 092E008E2020C465006FECF3 /* MarkingOverlay.xib */; };
		092E00A5202222A7006FECF3 /* AccessibilityAccessor.swift in Sources */ = {isa = PBXBuildFile; fileRef = 092E00A4202222A7006FECF3 /* AccessibilityAccessor.swift */; };
		092E00A72024F75C006FECF3 /* DragManager.swift in Sources */ = {isa = PBXBuildFile; fileRef = 092E00A62024F75C006FECF3 /* DragManager.swift */; };
		098B3E562018C37300BD0C24 /* WindowSetting.swift in Sources */ = {isa = PBXBuildFile; fileRef = 098B3E552018C37300BD0C24 /* WindowSetting.swift */; };
		09F88B8A211293B30032829A /* Keymap.swift in Sources */ = {isa = PBXBuildFile; fileRef = 09F88B89211293B30032829A /* Keymap.swift */; };
		40369670EA6F04534AAF7DFD /* Pods_WindowMover.framework in Frameworks */ = {isa = PBXBuildFile; fileRef = EB5E3DD8CB22D56E2D66D149 /* Pods_WindowMover.framework */; };
/* End PBXBuildFile section */

/* Begin PBXFileReference section */
		09108ACC2017AB53001026FD /* WindowMover.app */ = {isa = PBXFileReference; explicitFileType = wrapper.application; includeInIndex = 0; path = WindowMover.app; sourceTree = BUILT_PRODUCTS_DIR; };
		09108ACF2017AB53001026FD /* AppDelegate.swift */ = {isa = PBXFileReference; lastKnownFileType = sourcecode.swift; path = AppDelegate.swift; sourceTree = "<group>"; };
		09108AD12017AB53001026FD /* Assets.xcassets */ = {isa = PBXFileReference; lastKnownFileType = folder.assetcatalog; path = Assets.xcassets; sourceTree = "<group>"; };
		09108AD42017AB53001026FD /* Base */ = {isa = PBXFileReference; lastKnownFileType = file.xib; name = Base; path = Base.lproj/MainMenu.xib; sourceTree = "<group>"; };
		09108AD62017AB53001026FD /* Info.plist */ = {isa = PBXFileReference; lastKnownFileType = text.plist.xml; path = Info.plist; sourceTree = "<group>"; };
		09108AD72017AB53001026FD /* WindowMover.entitlements */ = {isa = PBXFileReference; lastKnownFileType = text.plist.entitlements; path = WindowMover.entitlements; sourceTree = "<group>"; };
		092C6288201F58A400B3E831 /* WindowLayoutController.swift */ = {isa = PBXFileReference; fileEncoding = 4; lastKnownFileType = sourcecode.swift; path = WindowLayoutController.swift; sourceTree = "<group>"; };
		092C628A201F9E7200B3E831 /* GlobalEventMonitor.swift */ = {isa = PBXFileReference; lastKnownFileType = sourcecode.swift; path = GlobalEventMonitor.swift; sourceTree = "<group>"; };
		092E007B20205780006FECF3 /* set_window_size.scpt */ = {isa = PBXFileReference; lastKnownFileType = file; path = set_window_size.scpt; sourceTree = "<group>"; };
		092E007C20205780006FECF3 /* get_frontapp_position.scpt */ = {isa = PBXFileReference; lastKnownFileType = file; path = get_frontapp_position.scpt; sourceTree = "<group>"; };
		092E008120209057006FECF3 /* WindowAnalyser.swift */ = {isa = PBXFileReference; lastKnownFileType = sourcecode.swift; path = WindowAnalyser.swift; sourceTree = "<group>"; };
		092E00892020C37D006FECF3 /* Preferences.swift */ = {isa = PBXFileReference; fileEncoding = 4; lastKnownFileType = sourcecode.swift; path = Preferences.swift; sourceTree = "<group>"; };
		092E008A2020C37D006FECF3 /* Preferences.xib */ = {isa = PBXFileReference; fileEncoding = 4; lastKnownFileType = file.xib; path = Preferences.xib; sourceTree = "<group>"; };
		092E008D2020C465006FECF3 /* MarkingOverlay.swift */ = {isa = PBXFileReference; lastKnownFileType = sourcecode.swift; path = MarkingOverlay.swift; sourceTree = "<group>"; };
		092E008E2020C465006FECF3 /* MarkingOverlay.xib */ = {isa = PBXFileReference; lastKnownFileType = file.xib; path = MarkingOverlay.xib; sourceTree = "<group>"; };
		092E00A4202222A7006FECF3 /* AccessibilityAccessor.swift */ = {isa = PBXFileReference; lastKnownFileType = sourcecode.swift; path = AccessibilityAccessor.swift; sourceTree = "<group>"; };
		092E00A62024F75C006FECF3 /* DragManager.swift */ = {isa = PBXFileReference; lastKnownFileType = sourcecode.swift; path = DragManager.swift; sourceTree = "<group>"; };
		098B3E552018C37300BD0C24 /* WindowSetting.swift */ = {isa = PBXFileReference; lastKnownFileType = sourcecode.swift; path = WindowSetting.swift; sourceTree = "<group>"; };
		09F88B89211293B30032829A /* Keymap.swift */ = {isa = PBXFileReference; lastKnownFileType = sourcecode.swift; path = Keymap.swift; sourceTree = "<group>"; };
		72231CA83FE399B4A5DB0EF1 /* Pods-WindowMover.debug.xcconfig */ = {isa = PBXFileReference; includeInIndex = 1; lastKnownFileType = text.xcconfig; name = "Pods-WindowMover.debug.xcconfig"; path = "Pods/Target Support Files/Pods-WindowMover/Pods-WindowMover.debug.xcconfig"; sourceTree = "<group>"; };
		A63C0A2C5717CC2C3C38C0B6 /* Pods-WindowMover.release.xcconfig */ = {isa = PBXFileReference; includeInIndex = 1; lastKnownFileType = text.xcconfig; name = "Pods-WindowMover.release.xcconfig"; path = "Pods/Target Support Files/Pods-WindowMover/Pods-WindowMover.release.xcconfig"; sourceTree = "<group>"; };
		EB5E3DD8CB22D56E2D66D149 /* Pods_WindowMover.framework */ = {isa = PBXFileReference; explicitFileType = wrapper.framework; includeInIndex = 0; path = Pods_WindowMover.framework; sourceTree = BUILT_PRODUCTS_DIR; };
/* End PBXFileReference section */

/* Begin PBXFrameworksBuildPhase section */
		09108AC92017AB53001026FD /* Frameworks */ = {
			isa = PBXFrameworksBuildPhase;
			buildActionMask = 2147483647;
			files = (
				40369670EA6F04534AAF7DFD /* Pods_WindowMover.framework in Frameworks */,
			);
			runOnlyForDeploymentPostprocessing = 0;
		};
/* End PBXFrameworksBuildPhase section */

/* Begin PBXGroup section */
		09108AC32017AB53001026FD = {
			isa = PBXGroup;
			children = (
				09108ACE2017AB53001026FD /* WindowMover */,
				09108ACD2017AB53001026FD /* Products */,
				97C537719597132BFA2A1811 /* Pods */,
				6951C5A5F256AEB88FDF4E56 /* Frameworks */,
			);
			sourceTree = "<group>";
		};
		09108ACD2017AB53001026FD /* Products */ = {
			isa = PBXGroup;
			children = (
				09108ACC2017AB53001026FD /* WindowMover.app */,
			);
			name = Products;
			sourceTree = "<group>";
		};
		09108ACE2017AB53001026FD /* WindowMover */ = {
			isa = PBXGroup;
			children = (
				092E00892020C37D006FECF3 /* Preferences.swift */,
				092E008A2020C37D006FECF3 /* Preferences.xib */,
				092E007C20205780006FECF3 /* get_frontapp_position.scpt */,
				092E007B20205780006FECF3 /* set_window_size.scpt */,
				09108ACF2017AB53001026FD /* AppDelegate.swift */,
				092C6288201F58A400B3E831 /* WindowLayoutController.swift */,
				09108AD12017AB53001026FD /* Assets.xcassets */,
				09108AD32017AB53001026FD /* MainMenu.xib */,
				09108AD62017AB53001026FD /* Info.plist */,
				09108AD72017AB53001026FD /* WindowMover.entitlements */,
				098B3E552018C37300BD0C24 /* WindowSetting.swift */,
				092C628A201F9E7200B3E831 /* GlobalEventMonitor.swift */,
				092E008120209057006FECF3 /* WindowAnalyser.swift */,
				092E008D2020C465006FECF3 /* MarkingOverlay.swift */,
				092E008E2020C465006FECF3 /* MarkingOverlay.xib */,
				092E00A4202222A7006FECF3 /* AccessibilityAccessor.swift */,
				092E00A62024F75C006FECF3 /* DragManager.swift */,
				09F88B89211293B30032829A /* Keymap.swift */,
			);
			path = WindowMover;
			sourceTree = "<group>";
		};
		6951C5A5F256AEB88FDF4E56 /* Frameworks */ = {
			isa = PBXGroup;
			children = (
				EB5E3DD8CB22D56E2D66D149 /* Pods_WindowMover.framework */,
			);
			name = Frameworks;
			sourceTree = "<group>";
		};
		97C537719597132BFA2A1811 /* Pods */ = {
			isa = PBXGroup;
			children = (
				72231CA83FE399B4A5DB0EF1 /* Pods-WindowMover.debug.xcconfig */,
				A63C0A2C5717CC2C3C38C0B6 /* Pods-WindowMover.release.xcconfig */,
			);
			name = Pods;
			sourceTree = "<group>";
		};
/* End PBXGroup section */

/* Begin PBXNativeTarget section */
		09108ACB2017AB53001026FD /* WindowMover */ = {
			isa = PBXNativeTarget;
			buildConfigurationList = 09108ADA2017AB53001026FD /* Build configuration list for PBXNativeTarget "WindowMover" */;
			buildPhases = (
				61400E7587A331EA3F31CBE6 /* [CP] Check Pods Manifest.lock */,
				09108AC82017AB53001026FD /* Sources */,
				09108AC92017AB53001026FD /* Frameworks */,
				09108ACA2017AB53001026FD /* Resources */,
				53C183EB55BDB3344F6CCDF0 /* [CP] Embed Pods Frameworks */,
				E19FBF19954F2C39B089288A /* [CP] Copy Pods Resources */,
			);
			buildRules = (
			);
			dependencies = (
			);
			name = WindowMover;
			productName = WindowMover;
			productReference = 09108ACC2017AB53001026FD /* WindowMover.app */;
			productType = "com.apple.product-type.application";
		};
/* End PBXNativeTarget section */

/* Begin PBXProject section */
		09108AC42017AB53001026FD /* Project object */ = {
			isa = PBXProject;
			attributes = {
				LastSwiftUpdateCheck = 0920;
				LastUpgradeCheck = 0920;
				ORGANIZATIONNAME = "Quentin Wendegass";
				TargetAttributes = {
					09108ACB2017AB53001026FD = {
						CreatedOnToolsVersion = 9.2;
						ProvisioningStyle = Automatic;
					};
				};
			};
			buildConfigurationList = 09108AC72017AB53001026FD /* Build configuration list for PBXProject "WindowMover" */;
			compatibilityVersion = "Xcode 8.0";
			developmentRegion = en;
			hasScannedForEncodings = 0;
			knownRegions = (
				en,
				Base,
			);
			mainGroup = 09108AC32017AB53001026FD;
			productRefGroup = 09108ACD2017AB53001026FD /* Products */;
			projectDirPath = "";
			projectRoot = "";
			targets = (
				09108ACB2017AB53001026FD /* WindowMover */,
			);
		};
/* End PBXProject section */

/* Begin PBXResourcesBuildPhase section */
		09108ACA2017AB53001026FD /* Resources */ = {
			isa = PBXResourcesBuildPhase;
			buildActionMask = 2147483647;
			files = (
				092E00902020C465006FECF3 /* MarkingOverlay.xib in Resources */,
				09108AD22017AB53001026FD /* Assets.xcassets in Resources */,
				092E007D20205781006FECF3 /* set_window_size.scpt in Resources */,
				09108AD52017AB53001026FD /* MainMenu.xib in Resources */,
				092E008C2020C37D006FECF3 /* Preferences.xib in Resources */,
				092E007E20205781006FECF3 /* get_frontapp_position.scpt in Resources */,
			);
			runOnlyForDeploymentPostprocessing = 0;
		};
/* End PBXResourcesBuildPhase section */

/* Begin PBXShellScriptBuildPhase section */
		53C183EB55BDB3344F6CCDF0 /* [CP] Embed Pods Frameworks */ = {
			isa = PBXShellScriptBuildPhase;
			buildActionMask = 2147483647;
			files = (
			);
			inputPaths = (
				"${SRCROOT}/Pods/Target Support Files/Pods-WindowMover/Pods-WindowMover-frameworks.sh",
				"${BUILT_PRODUCTS_DIR}/HotKey/HotKey.framework",
			);
			name = "[CP] Embed Pods Frameworks";
			outputPaths = (
				"${TARGET_BUILD_DIR}/${FRAMEWORKS_FOLDER_PATH}/HotKey.framework",
			);
			runOnlyForDeploymentPostprocessing = 0;
			shellPath = /bin/sh;
			shellScript = "\"${SRCROOT}/Pods/Target Support Files/Pods-WindowMover/Pods-WindowMover-frameworks.sh\"\n";
			showEnvVarsInLog = 0;
		};
		61400E7587A331EA3F31CBE6 /* [CP] Check Pods Manifest.lock */ = {
			isa = PBXShellScriptBuildPhase;
			buildActionMask = 2147483647;
			files = (
			);
			inputPaths = (
				"${PODS_PODFILE_DIR_PATH}/Podfile.lock",
				"${PODS_ROOT}/Manifest.lock",
			);
			name = "[CP] Check Pods Manifest.lock";
			outputPaths = (
				"$(DERIVED_FILE_DIR)/Pods-WindowMover-checkManifestLockResult.txt",
			);
			runOnlyForDeploymentPostprocessing = 0;
			shellPath = /bin/sh;
			shellScript = "diff \"${PODS_PODFILE_DIR_PATH}/Podfile.lock\" \"${PODS_ROOT}/Manifest.lock\" > /dev/null\nif [ $? != 0 ] ; then\n    # print error to STDERR\n    echo \"error: The sandbox is not in sync with the Podfile.lock. Run 'pod install' or update your CocoaPods installation.\" >&2\n    exit 1\nfi\n# This output is used by Xcode 'outputs' to avoid re-running this script phase.\necho \"SUCCESS\" > \"${SCRIPT_OUTPUT_FILE_0}\"\n";
			showEnvVarsInLog = 0;
		};
		E19FBF19954F2C39B089288A /* [CP] Copy Pods Resources */ = {
			isa = PBXShellScriptBuildPhase;
			buildActionMask = 2147483647;
			files = (
			);
			inputPaths = (
			);
			name = "[CP] Copy Pods Resources";
			outputPaths = (
			);
			runOnlyForDeploymentPostprocessing = 0;
			shellPath = /bin/sh;
			shellScript = "\"${SRCROOT}/Pods/Target Support Files/Pods-WindowMover/Pods-WindowMover-resources.sh\"\n";
			showEnvVarsInLog = 0;
		};
/* End PBXShellScriptBuildPhase section */

/* Begin PBXSourcesBuildPhase section */
		09108AC82017AB53001026FD /* Sources */ = {
			isa = PBXSourcesBuildPhase;
			buildActionMask = 2147483647;
			files = (
				092E00A5202222A7006FECF3 /* AccessibilityAccessor.swift in Sources */,
				092E008F2020C465006FECF3 /* MarkingOverlay.swift in Sources */,
				092E008B2020C37D006FECF3 /* Preferences.swift in Sources */,
				092E00A72024F75C006FECF3 /* DragManager.swift in Sources */,
				098B3E562018C37300BD0C24 /* WindowSetting.swift in Sources */,
				092C628B201F9E7200B3E831 /* GlobalEventMonitor.swift in Sources */,
				09F88B8A211293B30032829A /* Keymap.swift in Sources */,
				09108AD02017AB53001026FD /* AppDelegate.swift in Sources */,
				092C6289201F58A400B3E831 /* WindowLayoutController.swift in Sources */,
				092E008220209057006FECF3 /* WindowAnalyser.swift in Sources */,
			);
			runOnlyForDeploymentPostprocessing = 0;
		};
/* End PBXSourcesBuildPhase section */

/* Begin PBXVariantGroup section */
		09108AD32017AB53001026FD /* MainMenu.xib */ = {
			isa = PBXVariantGroup;
			children = (
				09108AD42017AB53001026FD /* Base */,
			);
			name = MainMenu.xib;
			sourceTree = "<group>";
		};
/* End PBXVariantGroup section */

/* Begin XCBuildConfiguration section */
		09108AD82017AB53001026FD /* Debug */ = {
			isa = XCBuildConfiguration;
			buildSettings = {
				ALWAYS_SEARCH_USER_PATHS = NO;
				CLANG_ANALYZER_NONNULL = YES;
				CLANG_ANALYZER_NUMBER_OBJECT_CONVERSION = YES_AGGRESSIVE;
				CLANG_CXX_LANGUAGE_STANDARD = "gnu++14";
				CLANG_CXX_LIBRARY = "libc++";
				CLANG_ENABLE_MODULES = YES;
				CLANG_ENABLE_OBJC_ARC = YES;
				CLANG_WARN_BLOCK_CAPTURE_AUTORELEASING = YES;
				CLANG_WARN_BOOL_CONVERSION = YES;
				CLANG_WARN_COMMA = YES;
				CLANG_WARN_CONSTANT_CONVERSION = YES;
				CLANG_WARN_DIRECT_OBJC_ISA_USAGE = YES_ERROR;
				CLANG_WARN_DOCUMENTATION_COMMENTS = YES;
				CLANG_WARN_EMPTY_BODY = YES;
				CLANG_WARN_ENUM_CONVERSION = YES;
				CLANG_WARN_INFINITE_RECURSION = YES;
				CLANG_WARN_INT_CONVERSION = YES;
				CLANG_WARN_NON_LITERAL_NULL_CONVERSION = YES;
				CLANG_WARN_OBJC_LITERAL_CONVERSION = YES;
				CLANG_WARN_OBJC_ROOT_CLASS = YES_ERROR;
				CLANG_WARN_RANGE_LOOP_ANALYSIS = YES;
				CLANG_WARN_STRICT_PROTOTYPES = YES;
				CLANG_WARN_SUSPICIOUS_MOVE = YES;
				CLANG_WARN_UNGUARDED_AVAILABILITY = YES_AGGRESSIVE;
				CLANG_WARN_UNREACHABLE_CODE = YES;
				CLANG_WARN__DUPLICATE_METHOD_MATCH = YES;
				CODE_SIGN_IDENTITY = "Mac Developer";
				COPY_PHASE_STRIP = NO;
				DEBUG_INFORMATION_FORMAT = dwarf;
				ENABLE_STRICT_OBJC_MSGSEND = YES;
				ENABLE_TESTABILITY = YES;
				GCC_C_LANGUAGE_STANDARD = gnu11;
				GCC_DYNAMIC_NO_PIC = NO;
				GCC_NO_COMMON_BLOCKS = YES;
				GCC_OPTIMIZATION_LEVEL = 0;
				GCC_PREPROCESSOR_DEFINITIONS = (
					"DEBUG=1",
					"$(inherited)",
				);
				GCC_WARN_64_TO_32_BIT_CONVERSION = YES;
				GCC_WARN_ABOUT_RETURN_TYPE = YES_ERROR;
				GCC_WARN_UNDECLARED_SELECTOR = YES;
				GCC_WARN_UNINITIALIZED_AUTOS = YES_AGGRESSIVE;
				GCC_WARN_UNUSED_FUNCTION = YES;
				GCC_WARN_UNUSED_VARIABLE = YES;
				MACOSX_DEPLOYMENT_TARGET = 10.13;
				MTL_ENABLE_DEBUG_INFO = YES;
				ONLY_ACTIVE_ARCH = YES;
				SDKROOT = macosx;
				SWIFT_ACTIVE_COMPILATION_CONDITIONS = DEBUG;
				SWIFT_OPTIMIZATION_LEVEL = "-Onone";
			};
			name = Debug;
		};
		09108AD92017AB53001026FD /* Release */ = {
			isa = XCBuildConfiguration;
			buildSettings = {
				ALWAYS_SEARCH_USER_PATHS = NO;
				CLANG_ANALYZER_NONNULL = YES;
				CLANG_ANALYZER_NUMBER_OBJECT_CONVERSION = YES_AGGRESSIVE;
				CLANG_CXX_LANGUAGE_STANDARD = "gnu++14";
				CLANG_CXX_LIBRARY = "libc++";
				CLANG_ENABLE_MODULES = YES;
				CLANG_ENABLE_OBJC_ARC = YES;
				CLANG_WARN_BLOCK_CAPTURE_AUTORELEASING = YES;
				CLANG_WARN_BOOL_CONVERSION = YES;
				CLANG_WARN_COMMA = YES;
				CLANG_WARN_CONSTANT_CONVERSION = YES;
				CLANG_WARN_DIRECT_OBJC_ISA_USAGE = YES_ERROR;
				CLANG_WARN_DOCUMENTATION_COMMENTS = YES;
				CLANG_WARN_EMPTY_BODY = YES;
				CLANG_WARN_ENUM_CONVERSION = YES;
				CLANG_WARN_INFINITE_RECURSION = YES;
				CLANG_WARN_INT_CONVERSION = YES;
				CLANG_WARN_NON_LITERAL_NULL_CONVERSION = YES;
				CLANG_WARN_OBJC_LITERAL_CONVERSION = YES;
				CLANG_WARN_OBJC_ROOT_CLASS = YES_ERROR;
				CLANG_WARN_RANGE_LOOP_ANALYSIS = YES;
				CLANG_WARN_STRICT_PROTOTYPES = YES;
				CLANG_WARN_SUSPICIOUS_MOVE = YES;
				CLANG_WARN_UNGUARDED_AVAILABILITY = YES_AGGRESSIVE;
				CLANG_WARN_UNREACHABLE_CODE = YES;
				CLANG_WARN__DUPLICATE_METHOD_MATCH = YES;
				CODE_SIGN_IDENTITY = "Mac Developer";
				COPY_PHASE_STRIP = NO;
				DEBUG_INFORMATION_FORMAT = "dwarf-with-dsym";
				ENABLE_NS_ASSERTIONS = NO;
				ENABLE_STRICT_OBJC_MSGSEND = YES;
				GCC_C_LANGUAGE_STANDARD = gnu11;
				GCC_NO_COMMON_BLOCKS = YES;
				GCC_WARN_64_TO_32_BIT_CONVERSION = YES;
				GCC_WARN_ABOUT_RETURN_TYPE = YES_ERROR;
				GCC_WARN_UNDECLARED_SELECTOR = YES;
				GCC_WARN_UNINITIALIZED_AUTOS = YES_AGGRESSIVE;
				GCC_WARN_UNUSED_FUNCTION = YES;
				GCC_WARN_UNUSED_VARIABLE = YES;
				MACOSX_DEPLOYMENT_TARGET = 10.13;
				MTL_ENABLE_DEBUG_INFO = NO;
				SDKROOT = macosx;
				SWIFT_OPTIMIZATION_LEVEL = "-Owholemodule";
			};
			name = Release;
		};
		09108ADB2017AB53001026FD /* Debug */ = {
			isa = XCBuildConfiguration;
			baseConfigurationReference = 72231CA83FE399B4A5DB0EF1 /* Pods-WindowMover.debug.xcconfig */;
			buildSettings = {
				ASSETCATALOG_COMPILER_APPICON_NAME = AppIcon;
				CODE_SIGN_ENTITLEMENTS = WindowMover/WindowMover.entitlements;
				CODE_SIGN_STYLE = Automatic;
				COMBINE_HIDPI_IMAGES = YES;
				DEVELOPMENT_TEAM = SR3K9JLBXX;
				INFOPLIST_FILE = WindowMover/Info.plist;
				LD_RUNPATH_SEARCH_PATHS = "$(inherited) @executable_path/../Frameworks";
				MACOSX_DEPLOYMENT_TARGET = 10.12;
				PRODUCT_BUNDLE_IDENTIFIER = at.greywind.WindowMover;
				PRODUCT_NAME = "$(TARGET_NAME)";
				SWIFT_VERSION = 4.0;
			};
			name = Debug;
		};
		09108ADC2017AB53001026FD /* Release */ = {
			isa = XCBuildConfiguration;
			baseConfigurationReference = A63C0A2C5717CC2C3C38C0B6 /* Pods-WindowMover.release.xcconfig */;
			buildSettings = {
				ASSETCATALOG_COMPILER_APPICON_NAME = AppIcon;
				CODE_SIGN_ENTITLEMENTS = WindowMover/WindowMover.entitlements;
				CODE_SIGN_STYLE = Automatic;
				COMBINE_HIDPI_IMAGES = YES;
				DEVELOPMENT_TEAM = SR3K9JLBXX;
				INFOPLIST_FILE = WindowMover/Info.plist;
				LD_RUNPATH_SEARCH_PATHS = "$(inherited) @executable_path/../Frameworks";
				MACOSX_DEPLOYMENT_TARGET = 10.12;
				PRODUCT_BUNDLE_IDENTIFIER = at.greywind.WindowMover;
				PRODUCT_NAME = "$(TARGET_NAME)";
				SWIFT_VERSION = 4.0;
			};
			name = Release;
		};
/* End XCBuildConfiguration section */

/* Begin XCConfigurationList section */
		09108AC72017AB53001026FD /* Build configuration list for PBXProject "WindowMover" */ = {
			isa = XCConfigurationList;
			buildConfigurations = (
				09108AD82017AB53001026FD /* Debug */,
				09108AD92017AB53001026FD /* Release */,
			);
			defaultConfigurationIsVisible = 0;
			defaultConfigurationName = Release;
		};
		09108ADA2017AB53001026FD /* Build configuration list for PBXNativeTarget "WindowMover" */ = {
			isa = XCConfigurationList;
			buildConfigurations = (
				09108ADB2017AB53001026FD /* Debug */,
				09108ADC2017AB53001026FD /* Release */,
			);
			defaultConfigurationIsVisible = 0;
			defaultConfigurationName = Release;
		};
/* End XCConfigurationList section */
	};
	rootObject = 09108AC42017AB53001026FD /* Project object */;
}
